Microsoft Visual Studio Solution File, Format Version 12.00
# Visual Studio Version 16
VisualStudioVersion = 16.0.0.0
MinimumVisualStudioVersion = 16.0.0.0
Project("{9A19103F-16F7-4668-BE54-9A1E7A4F7556}") = "workspace.Server", "Server\workspace.Server.csproj", "{9FEF5914-A4D7-41CA-848C-E1AB5E83EEE8}"
EndProject
Project("{9A19103F-16F7-4668-BE54-9A1E7A4F7556}") = "workspace.Client", "Client\workspace.Client.csproj", "{150222B8-6320-482D-8E0F-EBCCC457CC0B}"
EndProject
Project("{9A19103F-16F7-4668-BE54-9A1E7A4F7556}") = "workspace.Shared", "Shared\workspace.Shared.csproj", "{04AF2D9A-DAF5-4022-BDC8-F825DCD6DAA8}"
EndProject
Global
	GlobalSection(SolutionConfigurationPlatforms) = preSolution
		Debug|Any CPU = Debug|Any CPU
		Debug|x64 = Debug|x64
		Debug|x86 = Debug|x86
		Release|Any CPU = Release|Any CPU
		Release|x64 = Release|x64
		Release|x86 = Release|x86
	EndGlobalSection
	GlobalSection(ProjectConfigurationPlatforms) = postSolution
		{150222B8-6320-482D-8E0F-EBCCC457CC0B}.Debug|Any CPU.ActiveCfg = Debug|Any CPU
		{150222B8-6320-482D-8E0F-EBCCC457CC0B}.Debug|Any CPU.Build.0 = Debug|Any CPU
		{150222B8-6320-482D-8E0F-EBCCC457CC0B}.Debug|x64.ActiveCfg = Debug|Any CPU
		{150222B8-6320-482D-8E0F-EBCCC457CC0B}.Debug|x64.Build.0 = Debug|Any CPU
		{150222B8-6320-482D-8E0F-EBCCC457CC0B}.Debug|x86.ActiveCfg = Debug|Any CPU
		{150222B8-6320-482D-8E0F-EBCCC457CC0B}.Debug|x86.Build.0 = Debug|Any CPU
		{150222B8-6320-482D-8E0F-EBCCC457CC0B}.Release|Any CPU.ActiveCfg = Release|Any CPU
		{150222B8-6320-482D-8E0F-EBCCC457CC0B}.Release|Any CPU.Build.0 = Release|Any CPU
		{150222B8-6320-482D-8E0F-EBCCC457CC0B}.Release|x64.ActiveCfg = Release|Any CPU
		{150222B8-6320-482D-8E0F-EBCCC457CC0B}.Release|x64.Build.0 = Release|Any CPU
		{150222B8-6320-482D-8E0F-EBCCC457CC0B}.Release|x86.ActiveCfg = Release|Any CPU
		{150222B8-6320-482D-8E0F-EBCCC457CC0B}.Release|x86.Build.0 = Release|Any CPU
		{9FEF5914-A4D7-41CA-848C-E1AB5E83EEE8}.Debug|Any CPU.ActiveCfg = Debug|Any CPU
		{9FEF5914-A4D7-41CA-848C-E1AB5E83EEE8}.Debug|Any CPU.Build.0 = Debug|Any CPU
		{9FEF5914-A4D7-41CA-848C-E1AB5E83EEE8}.Debug|x64.ActiveCfg = Debug|Any CPU
		{9FEF5914-A4D7-41CA-848C-E1AB5E83EEE8}.Debug|x64.Build.0 = Debug|Any CPU
		{9FEF5914-A4D7-41CA-848C-E1AB5E83EEE8}.Debug|x86.ActiveCfg = Debug|Any CPU
		{9FEF5914-A4D7-41CA-848C-E1AB5E83EEE8}.Debug|x86.Build.0 = Debug|Any CPU
		{9FEF5914-A4D7-41CA-848C-E1AB5E83EEE8}.Release|Any CPU.ActiveCfg = Release|Any CPU
		{9FEF5914-A4D7-41CA-848C-E1AB5E83EEE8}.Release|Any CPU.Build.0 = Release|Any CPU
		{9FEF5914-A4D7-41CA-848C-E1AB5E83EEE8}.Release|x64.ActiveCfg = Release|Any CPU
		{9FEF5914-A4D7-41CA-848C-E1AB5E83EEE8}.Release|x64.Build.0 = Release|Any CPU
		{9FEF5914-A4D7-41CA-848C-E1AB5E83EEE8}.Release|x86.ActiveCfg = Release|Any CPU
		{9FEF5914-A4D7-41CA-848C-E1AB5E83EEE8}.Release|x86.Build.0 = Release|Any CPU
		{04AF2D9A-DAF5-4022-BDC8-F825DCD6DAA8}.Debug|Any CPU.ActiveCfg = Debug|Any CPU
		{04AF2D9A-DAF5-4022-BDC8-F825DCD6DAA8}.Debug|Any CPU.Build.0 = Debug|Any CPU
		{04AF2D9A-DAF5-4022-BDC8-F825DCD6DAA8}.Debug|x64.ActiveCfg = Debug|Any CPU
		{04AF2D9A-DAF5-4022-BDC8-F825DCD6DAA8}.Debug|x64.Build.0 = Debug|Any CPU
		{04AF2D9A-DAF5-4022-BDC8-F825DCD6DAA8}.Debug|x86.ActiveCfg = Debug|Any CPU
		{04AF2D9A-DAF5-4022-BDC8-F825DCD6DAA8}.Debug|x86.Build.0 = Debug|Any CPU
		{04AF2D9A-DAF5-4022-BDC8-F825DCD6DAA8}.Release|Any CPU.ActiveCfg = Release|Any CPU
		{04AF2D9A-DAF5-4022-BDC8-F825DCD6DAA8}.Release|Any CPU.Build.0 = Release|Any CPU
		{04AF2D9A-DAF5-4022-BDC8-F825DCD6DAA8}.Release|x64.ActiveCfg = Release|Any CPU
		{04AF2D9A-DAF5-4022-BDC8-F825DCD6DAA8}.Release|x64.Build.0 = Release|Any CPU
		{04AF2D9A-DAF5-4022-BDC8-F825DCD6DAA8}.Release|x86.ActiveCfg = Release|Any CPU
		{04AF2D9A-DAF5-4022-BDC8-F825DCD6DAA8}.Release|x86.Build.0 = Release|Any CPU
	EndGlobalSection
	GlobalSection(SolutionProperties) = preSolution
		HideSolutionNode = FALSE
	EndGlobalSection
	GlobalSection(ExtensibilityGlobals) = postSolution
		SolutionGuid = {E8EE42CB-1B43-4DE8-ABE7-2D8FCF311EED}
	EndGlobalSection
EndGlobal
